
Microsoft Visual Studio Solution File, Format Version 12.00
# Visual Studio Version 16
VisualStudioVersion = 16.0.30709.132
MinimumVisualStudioVersion = 10.0.40219.1
Project("{FAE04EC0-301F-11D3-BF4B-00C04F79EFBC}") = "EVM", "EVM\EVM.csproj", "{7A3B7C37-7CF2-4BE6-BFA9-967DCEF8EFCF}"
EndProject
Global
	GlobalSection(SolutionConfigurationPlatforms) = preSolution
		Debug|Any CPU = Debug|Any CPU
		Release|Any CPU = Release|Any CPU
	EndGlobalSection
	GlobalSection(ProjectConfigurationPlatforms) = postSolution
		{7A3B7C37-7CF2-4BE6-BFA9-967DCEF8EFCF}.Debug|Any CPU.ActiveCfg = Debug|Any CPU
		{7A3B7C37-7CF2-4BE6-BFA9-967DCEF8EFCF}.Debug|Any CPU.Build.0 = Debug|Any CPU
		{7A3B7C37-7CF2-4BE6-BFA9-967DCEF8EFCF}.Release|Any CPU.ActiveCfg = Release|Any CPU
		{7A3B7C37-7CF2-4BE6-BFA9-967DCEF8EFCF}.Release|Any CPU.Build.0 = Release|Any CPU
	EndGlobalSection
	GlobalSection(SolutionProperties) = preSolution
		HideSolutionNode = FALSE
	EndGlobalSection
	GlobalSection(ExtensibilityGlobals) = postSolution
		SolutionGuid = {862269F3-0001-45D7-AD41-CEB30A058CA4}
	EndGlobalSection
EndGlobal
